
Microsoft Visual Studio Solution File, Format Version 12.00
# Visual Studio Version 17
VisualStudioVersion = 17.2.32616.157
MinimumVisualStudioVersion = 10.0.40219.1
Project("{9A19103F-16F7-4668-BE54-9A1E7A4F7556}") = "SoundCabooseWPF", "SoundCabooseWPFVersion\SoundCabooseWPF.csproj", "{CC57748F-7048-45BC-A859-FA72202F2557}"
EndProject
Project("{9A19103F-16F7-4668-BE54-9A1E7A4F7556}") = "SoundCabooseWPFDebug", "SoundCabooseWPFDebug\SoundCabooseWPFDebug.csproj", "{35657A07-5861-4749-BE03-326BBC4773CB}"
EndProject
Project("{8BC9CEB8-8B4A-11D0-8D11-00A0C91BC942}") = "SoundCabooseCLI", "SoundCabooseCLI\SoundCabooseCLI.vcxproj", "{A536928F-6654-469D-BC5A-A814043039B2}"
EndProject
Project("{8BC9CEB8-8B4A-11D0-8D11-00A0C91BC942}") = "SoundCabooseWinRT", "SoundCabooseWinRT\SoundCabooseWinRT.vcxproj", "{D0A97B5E-5D8B-4FD1-96FA-A14EC4A9B3D3}"
EndProject
Global
	GlobalSection(SolutionConfigurationPlatforms) = preSolution
		Debug|Any CPU = Debug|Any CPU
		Debug|x64 = Debug|x64
		Debug|x86 = Debug|x86
		Release|Any CPU = Release|Any CPU
		Release|x64 = Release|x64
		Release|x86 = Release|x86
	EndGlobalSection
	GlobalSection(ProjectConfigurationPlatforms) = postSolution
		{CC57748F-7048-45BC-A859-FA72202F2557}.Debug|Any CPU.ActiveCfg = Debug|Any CPU
		{CC57748F-7048-45BC-A859-FA72202F2557}.Debug|Any CPU.Build.0 = Debug|Any CPU
		{CC57748F-7048-45BC-A859-FA72202F2557}.Debug|x64.ActiveCfg = Debug|Any CPU
		{CC57748F-7048-45BC-A859-FA72202F2557}.Debug|x64.Build.0 = Debug|Any CPU
		{CC57748F-7048-45BC-A859-FA72202F2557}.Debug|x86.ActiveCfg = Debug|Any CPU
		{CC57748F-7048-45BC-A859-FA72202F2557}.Debug|x86.Build.0 = Debug|Any CPU
		{CC57748F-7048-45BC-A859-FA72202F2557}.Release|Any CPU.ActiveCfg = Release|Any CPU
		{CC57748F-7048-45BC-A859-FA72202F2557}.Release|Any CPU.Build.0 = Release|Any CPU
		{CC57748F-7048-45BC-A859-FA72202F2557}.Release|x64.ActiveCfg = Release|Any CPU
		{CC57748F-7048-45BC-A859-FA72202F2557}.Release|x64.Build.0 = Release|Any CPU
		{CC57748F-7048-45BC-A859-FA72202F2557}.Release|x86.ActiveCfg = Release|Any CPU
		{CC57748F-7048-45BC-A859-FA72202F2557}.Release|x86.Build.0 = Release|Any CPU
		{35657A07-5861-4749-BE03-326BBC4773CB}.Debug|Any CPU.ActiveCfg = Debug|Any CPU
		{35657A07-5861-4749-BE03-326BBC4773CB}.Debug|Any CPU.Build.0 = Debug|Any CPU
		{35657A07-5861-4749-BE03-326BBC4773CB}.Debug|x64.ActiveCfg = Debug|Any CPU
		{35657A07-5861-4749-BE03-326BBC4773CB}.Debug|x64.Build.0 = Debug|Any CPU
		{35657A07-5861-4749-BE03-326BBC4773CB}.Debug|x86.ActiveCfg = Debug|Any CPU
		{35657A07-5861-4749-BE03-326BBC4773CB}.Debug|x86.Build.0 = Debug|Any CPU
		{35657A07-5861-4749-BE03-326BBC4773CB}.Release|Any CPU.ActiveCfg = Release|Any CPU
		{35657A07-5861-4749-BE03-326BBC4773CB}.Release|Any CPU.Build.0 = Release|Any CPU
		{35657A07-5861-4749-BE03-326BBC4773CB}.Release|x64.ActiveCfg = Release|Any CPU
		{35657A07-5861-4749-BE03-326BBC4773CB}.Release|x64.Build.0 = Release|Any CPU
		{35657A07-5861-4749-BE03-326BBC4773CB}.Release|x86.ActiveCfg = Release|Any CPU
		{35657A07-5861-4749-BE03-326BBC4773CB}.Release|x86.Build.0 = Release|Any CPU
		{A536928F-6654-469D-BC5A-A814043039B2}.Debug|Any CPU.ActiveCfg = Debug|x64
		{A536928F-6654-469D-BC5A-A814043039B2}.Debug|Any CPU.Build.0 = Debug|x64
		{A536928F-6654-469D-BC5A-A814043039B2}.Debug|x64.ActiveCfg = Debug|x64
		{A536928F-6654-469D-BC5A-A814043039B2}.Debug|x64.Build.0 = Debug|x64
		{A536928F-6654-469D-BC5A-A814043039B2}.Debug|x86.ActiveCfg = Debug|Win32
		{A536928F-6654-469D-BC5A-A814043039B2}.Debug|x86.Build.0 = Debug|Win32
		{A536928F-6654-469D-BC5A-A814043039B2}.Release|Any CPU.ActiveCfg = Release|x64
		{A536928F-6654-469D-BC5A-A814043039B2}.Release|Any CPU.Build.0 = Release|x64
		{A536928F-6654-469D-BC5A-A814043039B2}.Release|x64.ActiveCfg = Release|x64
		{A536928F-6654-469D-BC5A-A814043039B2}.Release|x64.Build.0 = Release|x64
		{A536928F-6654-469D-BC5A-A814043039B2}.Release|x86.ActiveCfg = Release|Win32
		{A536928F-6654-469D-BC5A-A814043039B2}.Release|x86.Build.0 = Release|Win32
		{D0A97B5E-5D8B-4FD1-96FA-A14EC4A9B3D3}.Debug|Any CPU.ActiveCfg = Debug|x64
		{D0A97B5E-5D8B-4FD1-96FA-A14EC4A9B3D3}.Debug|Any CPU.Build.0 = Debug|x64
		{D0A97B5E-5D8B-4FD1-96FA-A14EC4A9B3D3}.Debug|x64.ActiveCfg = Debug|x64
		{D0A97B5E-5D8B-4FD1-96FA-A14EC4A9B3D3}.Debug|x64.Build.0 = Debug|x64
		{D0A97B5E-5D8B-4FD1-96FA-A14EC4A9B3D3}.Debug|x86.ActiveCfg = Debug|Win32
		{D0A97B5E-5D8B-4FD1-96FA-A14EC4A9B3D3}.Debug|x86.Build.0 = Debug|Win32
		{D0A97B5E-5D8B-4FD1-96FA-A14EC4A9B3D3}.Release|Any CPU.ActiveCfg = Release|x64
		{D0A97B5E-5D8B-4FD1-96FA-A14EC4A9B3D3}.Release|Any CPU.Build.0 = Release|x64
		{D0A97B5E-5D8B-4FD1-96FA-A14EC4A9B3D3}.Release|x64.ActiveCfg = Release|x64
		{D0A97B5E-5D8B-4FD1-96FA-A14EC4A9B3D3}.Release|x64.Build.0 = Release|x64
		{D0A97B5E-5D8B-4FD1-96FA-A14EC4A9B3D3}.Release|x86.ActiveCfg = Release|Win32
		{D0A97B5E-5D8B-4FD1-96FA-A14EC4A9B3D3}.Release|x86.Build.0 = Release|Win32
	EndGlobalSection
	GlobalSection(SolutionProperties) = preSolution
		HideSolutionNode = FALSE
	EndGlobalSection
	GlobalSection(ExtensibilityGlobals) = postSolution
		SolutionGuid = {FBCC1F18-55E7-4E48-8A72-154451811A05}
	EndGlobalSection
EndGlobal
