
Microsoft Visual Studio Solution File, Format Version 12.00
# Visual Studio 14
VisualStudioVersion = 12.0.21005.1
MinimumVisualStudioVersion = 10.0.40219.1
Project("{FAE04EC0-301F-11D3-BF4B-00C04F79EFBC}") = "Syncfusion.Themes.MaterialDark.WPF_2013", "Syncfusion.Themes.MaterialDark.WPF_2015.csproj", "{ca0271b8-a675-46fa-9094-4a2f0f4a86b6}"
EndProject
Global
	GlobalSection(SolutionConfigurationPlatforms) = preSolution
		Debug|Any CPU = Debug|Any CPU
		Debug-Xml|Any CPU = Debug-Xml|Any CPU
		Release|Any CPU = Release|Any CPU
		Release-Xml|Any CPU = Release-Xml|Any CPU
	EndGlobalSection
	GlobalSection(ProjectConfigurationPlatforms) = postSolution
		{ca0271b8-a675-46fa-9094-4a2f0f4a86b6}.Debug|Any CPU.ActiveCfg = Debug|Any CPU
		{ca0271b8-a675-46fa-9094-4a2f0f4a86b6}.Debug|Any CPU.Build.0 = Debug|Any CPU
		{ca0271b8-a675-46fa-9094-4a2f0f4a86b6}.Debug-Xml|Any CPU.ActiveCfg = Debug-Xml|Any CPU
		{ca0271b8-a675-46fa-9094-4a2f0f4a86b6}.Debug-Xml|Any CPU.Build.0 = Debug-Xml|Any CPU
		{ca0271b8-a675-46fa-9094-4a2f0f4a86b6}.Release|Any CPU.ActiveCfg = Release|Any CPU
		{ca0271b8-a675-46fa-9094-4a2f0f4a86b6}.Release|Any CPU.Build.0 = Release|Any CPU
		{ca0271b8-a675-46fa-9094-4a2f0f4a86b6}.Release-Xml|Any CPU.ActiveCfg = Release-Xml|Any CPU
		{ca0271b8-a675-46fa-9094-4a2f0f4a86b6}.Release-Xml|Any CPU.Build.0 = Release-Xml|Any CPU
	EndGlobalSection
	GlobalSection(SolutionProperties) = preSolution
		HideSolutionNode = FALSE
	EndGlobalSection
EndGlobal
